
Microsoft Visual Studio Solution File, Format Version 12.00
# Visual Studio Version 17
VisualStudioVersion = 17.3.32901.215
MinimumVisualStudioVersion = 10.0.40219.1
Project("{9092AA53-FB77-4645-B42D-1CCCA6BD08BD}") = "NodejsReactWebApp", "NodejsReactWebApp\NodejsReactWebApp.njsproj", "{DE0C51DD-D03D-4426-B5EC-3D610D3B1729}"
EndProject
Global
	GlobalSection(SolutionConfigurationPlatforms) = preSolution
		Debug|Any CPU = Debug|Any CPU
		Release|Any CPU = Release|Any CPU
	EndGlobalSection
	GlobalSection(ProjectConfigurationPlatforms) = postSolution
		{DE0C51DD-D03D-4426-B5EC-3D610D3B1729}.Debug|Any CPU.ActiveCfg = Debug|Any CPU
		{DE0C51DD-D03D-4426-B5EC-3D610D3B1729}.Debug|Any CPU.Build.0 = Debug|Any CPU
		{DE0C51DD-D03D-4426-B5EC-3D610D3B1729}.Release|Any CPU.ActiveCfg = Release|Any CPU
		{DE0C51DD-D03D-4426-B5EC-3D610D3B1729}.Release|Any CPU.Build.0 = Release|Any CPU
	EndGlobalSection
	GlobalSection(SolutionProperties) = preSolution
		HideSolutionNode = FALSE
	EndGlobalSection
	GlobalSection(ExtensibilityGlobals) = postSolution
		SolutionGuid = {F88B584F-D130-4F27-ACC6-6514BCC579AA}
	EndGlobalSection
EndGlobal
